// !$*UTF8*$!
{
	archiveVersion = 1;
	classes = {
	};
	objectVersion = 77;
	objects = {

/* Begin PBXBuildFile section */
		E95AC4A12DAA4EB8007D4C61 /* IosLibrary.framework in Frameworks */ = {isa = PBXBuildFile; fileRef = E95AC49F2DAA4EAB007D4C61 /* IosLibrary.framework */; };
		E95AC4A22DAA4EB8007D4C61 /* IosLibrary.framework in Embed Frameworks */ = {isa = PBXBuildFile; fileRef = E95AC49F2DAA4EAB007D4C61 /* IosLibrary.framework */; settings = {ATTRIBUTES = (CodeSignOnCopy, RemoveHeadersOnCopy, ); }; };
/* End PBXBuildFile section */

/* Begin PBXContainerItemProxy section */
		E9DD75B92DAA027B0069C660 /* PBXContainerItemProxy */ = {
			isa = PBXContainerItemProxy;
			containerPortal = E9DD75A02DAA02790069C660 /* Project object */;
			proxyType = 1;
			remoteGlobalIDString = E9DD75A72DAA02790069C660;
			remoteInfo = IosLibraryExample;
		};
		E9DD75C32DAA027B0069C660 /* PBXContainerItemProxy */ = {
			isa = PBXContainerItemProxy;
			containerPortal = E9DD75A02DAA02790069C660 /* Project object */;
			proxyType = 1;
			remoteGlobalIDString = E9DD75A72DAA02790069C660;
			remoteInfo = IosLibraryExample;
		};
/* End PBXContainerItemProxy section */

/* Begin PBXCopyFilesBuildPhase section */
		E99276F82DAA0E2800B8C982 /* Embed Frameworks */ = {
			isa = PBXCopyFilesBuildPhase;
			buildActionMask = 2147483647;
			dstPath = "";
			dstSubfolderSpec = 10;
			files = (
				E95AC4A22DAA4EB8007D4C61 /* IosLibrary.framework in Embed Frameworks */,
			);
			name = "Embed Frameworks";
			runOnlyForDeploymentPostprocessing = 0;
		};
/* End PBXCopyFilesBuildPhase section */

/* Begin PBXFileReference section */
		E95AC49F2DAA4EAB007D4C61 /* IosLibrary.framework */ = {isa = PBXFileReference; explicitFileType = wrapper.framework; path = IosLibrary.framework; sourceTree = BUILT_PRODUCTS_DIR; };
		E9DD75A82DAA02790069C660 /* IosLibraryExample.app */ = {isa = PBXFileReference; explicitFileType = wrapper.application; includeInIndex = 0; path = IosLibraryExample.app; sourceTree = BUILT_PRODUCTS_DIR; };
		E9DD75B82DAA027B0069C660 /* IosLibraryExampleTests.xctest */ = {isa = PBXFileReference; explicitFileType = wrapper.cfbundle; includeInIndex = 0; path = IosLibraryExampleTests.xctest; sourceTree = BUILT_PRODUCTS_DIR; };
		E9DD75C22DAA027B0069C660 /* IosLibraryExampleUITests.xctest */ = {isa = PBXFileReference; explicitFileType = wrapper.cfbundle; includeInIndex = 0; path = IosLibraryExampleUITests.xctest; sourceTree = BUILT_PRODUCTS_DIR; };
/* End PBXFileReference section */

/* Begin PBXFileSystemSynchronizedRootGroup section */
		E9DD75AA2DAA02790069C660 /* IosLibraryExample */ = {
			isa = PBXFileSystemSynchronizedRootGroup;
			path = IosLibraryExample;
			sourceTree = "<group>";
		};
		E9DD75BB2DAA027B0069C660 /* IosLibraryExampleTests */ = {
			isa = PBXFileSystemSynchronizedRootGroup;
			path = IosLibraryExampleTests;
			sourceTree = "<group>";
		};
		E9DD75C52DAA027B0069C660 /* IosLibraryExampleUITests */ = {
			isa = PBXFileSystemSynchronizedRootGroup;
			path = IosLibraryExampleUITests;
			sourceTree = "<group>";
		};
/* End PBXFileSystemSynchronizedRootGroup section */

/* Begin PBXFrameworksBuildPhase section */
		E9DD75A52DAA02790069C660 /* Frameworks */ = {
			isa = PBXFrameworksBuildPhase;
			buildActionMask = 2147483647;
			files = (
				E95AC4A12DAA4EB8007D4C61 /* IosLibrary.framework in Frameworks */,
			);
			runOnlyForDeploymentPostprocessing = 0;
		};
		E9DD75B52DAA027B0069C660 /* Frameworks */ = {
			isa = PBXFrameworksBuildPhase;
			buildActionMask = 2147483647;
			files = (
			);
			runOnlyForDeploymentPostprocessing = 0;
		};
		E9DD75BF2DAA027B0069C660 /* Frameworks */ = {
			isa = PBXFrameworksBuildPhase;
			buildActionMask = 2147483647;
			files = (
			);
			runOnlyForDeploymentPostprocessing = 0;
		};
/* End PBXFrameworksBuildPhase section */

/* Begin PBXGroup section */
		E99276F32DAA0BC300B8C982 /* Frameworks */ = {
			isa = PBXGroup;
			children = (
				E95AC49F2DAA4EAB007D4C61 /* IosLibrary.framework */,
			);
			name = Frameworks;
			sourceTree = "<group>";
		};
		E9DD759F2DAA02790069C660 = {
			isa = PBXGroup;
			children = (
				E9DD75AA2DAA02790069C660 /* IosLibraryExample */,
				E9DD75BB2DAA027B0069C660 /* IosLibraryExampleTests */,
				E9DD75C52DAA027B0069C660 /* IosLibraryExampleUITests */,
				E99276F32DAA0BC300B8C982 /* Frameworks */,
				E9DD75A92DAA02790069C660 /* Products */,
			);
			sourceTree = "<group>";
		};
		E9DD75A92DAA02790069C660 /* Products */ = {
			isa = PBXGroup;
			children = (
				E9DD75A82DAA02790069C660 /* IosLibraryExample.app */,
				E9DD75B82DAA027B0069C660 /* IosLibraryExampleTests.xctest */,
				E9DD75C22DAA027B0069C660 /* IosLibraryExampleUITests.xctest */,
			);
			name = Products;
			sourceTree = "<group>";
		};
/* End PBXGroup section */

/* Begin PBXNativeTarget section */
		E9DD75A72DAA02790069C660 /* IosLibraryExample */ = {
			isa = PBXNativeTarget;
			buildConfigurationList = E9DD75CC2DAA027B0069C660 /* Build configuration list for PBXNativeTarget "IosLibraryExample" */;
			buildPhases = (
				E9DD75A42DAA02790069C660 /* Sources */,
				E9DD75A52DAA02790069C660 /* Frameworks */,
				E9DD75A62DAA02790069C660 /* Resources */,
				E99276F82DAA0E2800B8C982 /* Embed Frameworks */,
			);
			buildRules = (
			);
			dependencies = (
			);
			fileSystemSynchronizedGroups = (
				E9DD75AA2DAA02790069C660 /* IosLibraryExample */,
			);
			name = IosLibraryExample;
			packageProductDependencies = (
			);
			productName = IosLibraryExample;
			productReference = E9DD75A82DAA02790069C660 /* IosLibraryExample.app */;
			productType = "com.apple.product-type.application";
		};
		E9DD75B72DAA027B0069C660 /* IosLibraryExampleTests */ = {
			isa = PBXNativeTarget;
			buildConfigurationList = E9DD75CF2DAA027B0069C660 /* Build configuration list for PBXNativeTarget "IosLibraryExampleTests" */;
			buildPhases = (
				E9DD75B42DAA027B0069C660 /* Sources */,
				E9DD75B52DAA027B0069C660 /* Frameworks */,
				E9DD75B62DAA027B0069C660 /* Resources */,
			);
			buildRules = (
			);
			dependencies = (
				E9DD75BA2DAA027B0069C660 /* PBXTargetDependency */,
			);
			fileSystemSynchronizedGroups = (
				E9DD75BB2DAA027B0069C660 /* IosLibraryExampleTests */,
			);
			name = IosLibraryExampleTests;
			packageProductDependencies = (
			);
			productName = IosLibraryExampleTests;
			productReference = E9DD75B82DAA027B0069C660 /* IosLibraryExampleTests.xctest */;
			productType = "com.apple.product-type.bundle.unit-test";
		};
		E9DD75C12DAA027B0069C660 /* IosLibraryExampleUITests */ = {
			isa = PBXNativeTarget;
			buildConfigurationList = E9DD75D22DAA027B0069C660 /* Build configuration list for PBXNativeTarget "IosLibraryExampleUITests" */;
			buildPhases = (
				E9DD75BE2DAA027B0069C660 /* Sources */,
				E9DD75BF2DAA027B0069C660 /* Frameworks */,
				E9DD75C02DAA027B0069C660 /* Resources */,
			);
			buildRules = (
			);
			dependencies = (
				E9DD75C42DAA027B0069C660 /* PBXTargetDependency */,
			);
			fileSystemSynchronizedGroups = (
				E9DD75C52DAA027B0069C660 /* IosLibraryExampleUITests */,
			);
			name = IosLibraryExampleUITests;
			packageProductDependencies = (
			);
			productName = IosLibraryExampleUITests;
			productReference = E9DD75C22DAA027B0069C660 /* IosLibraryExampleUITests.xctest */;
			productType = "com.apple.product-type.bundle.ui-testing";
		};
/* End PBXNativeTarget section */

/* Begin PBXProject section */
		E9DD75A02DAA02790069C660 /* Project object */ = {
			isa = PBXProject;
			attributes = {
				BuildIndependentTargetsInParallel = 1;
				LastSwiftUpdateCheck = 1620;
				LastUpgradeCheck = 1620;
				TargetAttributes = {
					E9DD75A72DAA02790069C660 = {
						CreatedOnToolsVersion = 16.2;
					};
					E9DD75B72DAA027B0069C660 = {
						CreatedOnToolsVersion = 16.2;
						TestTargetID = E9DD75A72DAA02790069C660;
					};
					E9DD75C12DAA027B0069C660 = {
						CreatedOnToolsVersion = 16.2;
						TestTargetID = E9DD75A72DAA02790069C660;
					};
				};
			};
			buildConfigurationList = E9DD75A32DAA02790069C660 /* Build configuration list for PBXProject "IosLibraryExample" */;
			developmentRegion = en;
			hasScannedForEncodings = 0;
			knownRegions = (
				en,
				Base,
			);
			mainGroup = E9DD759F2DAA02790069C660;
			minimizedProjectReferenceProxies = 1;
			preferredProjectObjectVersion = 77;
			productRefGroup = E9DD75A92DAA02790069C660 /* Products */;
			projectDirPath = "";
			projectRoot = "";
			targets = (
				E9DD75A72DAA02790069C660 /* IosLibraryExample */,
				E9DD75B72DAA027B0069C660 /* IosLibraryExampleTests */,
				E9DD75C12DAA027B0069C660 /* IosLibraryExampleUITests */,
			);
		};
/* End PBXProject section */

/* Begin PBXResourcesBuildPhase section */
		E9DD75A62DAA02790069C660 /* Resources */ = {
			isa = PBXResourcesBuildPhase;
			buildActionMask = 2147483647;
			files = (
			);
			runOnlyForDeploymentPostprocessing = 0;
		};
		E9DD75B62DAA027B0069C660 /* Resources */ = {
			isa = PBXResourcesBuildPhase;
			buildActionMask = 2147483647;
			files = (
			);
			runOnlyForDeploymentPostprocessing = 0;
		};
		E9DD75C02DAA027B0069C660 /* Resources */ = {
			isa = PBXResourcesBuildPhase;
			buildActionMask = 2147483647;
			files = (
			);
			runOnlyForDeploymentPostprocessing = 0;
		};
/* End PBXResourcesBuildPhase section */

/* Begin PBXSourcesBuildPhase section */
		E9DD75A42DAA02790069C660 /* Sources */ = {
			isa = PBXSourcesBuildPhase;
			buildActionMask = 2147483647;
			files = (
			);
			runOnlyForDeploymentPostprocessing = 0;
		};
		E9DD75B42DAA027B0069C660 /* Sources */ = {
			isa = PBXSourcesBuildPhase;
			buildActionMask = 2147483647;
			files = (
			);
			runOnlyForDeploymentPostprocessing = 0;
		};
		E9DD75BE2DAA027B0069C660 /* Sources */ = {
			isa = PBXSourcesBuildPhase;
			buildActionMask = 2147483647;
			files = (
			);
			runOnlyForDeploymentPostprocessing = 0;
		};
/* End PBXSourcesBuildPhase section */

/* Begin PBXTargetDependency section */
		E9DD75BA2DAA027B0069C660 /* PBXTargetDependency */ = {
			isa = PBXTargetDependency;
			target = E9DD75A72DAA02790069C660 /* IosLibraryExample */;
			targetProxy = E9DD75B92DAA027B0069C660 /* PBXContainerItemProxy */;
		};
		E9DD75C42DAA027B0069C660 /* PBXTargetDependency */ = {
			isa = PBXTargetDependency;
			target = E9DD75A72DAA02790069C660 /* IosLibraryExample */;
			targetProxy = E9DD75C32DAA027B0069C660 /* PBXContainerItemProxy */;
		};
/* End PBXTargetDependency section */

/* Begin XCBuildConfiguration section */
		E9DD75CA2DAA027B0069C660 /* Debug */ = {
			isa = XCBuildConfiguration;
			buildSettings = {
				ALWAYS_SEARCH_USER_PATHS = NO;
				ASSETCATALOG_COMPILER_GENERATE_SWIFT_ASSET_SYMBOL_EXTENSIONS = YES;
				CLANG_ANALYZER_NONNULL = YES;
				CLANG_ANALYZER_NUMBER_OBJECT_CONVERSION = YES_AGGRESSIVE;
				CLANG_CXX_LANGUAGE_STANDARD = "gnu++20";
				CLANG_ENABLE_MODULES = YES;
				CLANG_ENABLE_OBJC_ARC = YES;
				CLANG_ENABLE_OBJC_WEAK = YES;
				CLANG_WARN_BLOCK_CAPTURE_AUTORELEASING = YES;
				CLANG_WARN_BOOL_CONVERSION = YES;
				CLANG_WARN_COMMA = YES;
				CLANG_WARN_CONSTANT_CONVERSION = YES;
				CLANG_WARN_DEPRECATED_OBJC_IMPLEMENTATIONS = YES;
				CLANG_WARN_DIRECT_OBJC_ISA_USAGE = YES_ERROR;
				CLANG_WARN_DOCUMENTATION_COMMENTS = YES;
				CLANG_WARN_EMPTY_BODY = YES;
				CLANG_WARN_ENUM_CONVERSION = YES;
				CLANG_WARN_INFINITE_RECURSION = YES;
				CLANG_WARN_INT_CONVERSION = YES;
				CLANG_WARN_NON_LITERAL_NULL_CONVERSION = YES;
				CLANG_WARN_OBJC_IMPLICIT_RETAIN_SELF = YES;
				CLANG_WARN_OBJC_LITERAL_CONVERSION = YES;
				CLANG_WARN_OBJC_ROOT_CLASS = YES_ERROR;
				CLANG_WARN_QUOTED_INCLUDE_IN_FRAMEWORK_HEADER = YES;
				CLANG_WARN_RANGE_LOOP_ANALYSIS = YES;
				CLANG_WARN_STRICT_PROTOTYPES = YES;
				CLANG_WARN_SUSPICIOUS_MOVE = YES;
				CLANG_WARN_UNGUARDED_AVAILABILITY = YES_AGGRESSIVE;
				CLANG_WARN_UNREACHABLE_CODE = YES;
				CLANG_WARN__DUPLICATE_METHOD_MATCH = YES;
				COPY_PHASE_STRIP = NO;
				DEBUG_INFORMATION_FORMAT = dwarf;
				ENABLE_STRICT_OBJC_MSGSEND = YES;
				ENABLE_TESTABILITY = YES;
				ENABLE_USER_SCRIPT_SANDBOXING = YES;
				GCC_C_LANGUAGE_STANDARD = gnu17;
				GCC_DYNAMIC_NO_PIC = NO;
				GCC_NO_COMMON_BLOCKS = YES;
				GCC_OPTIMIZATION_LEVEL = 0;
				GCC_PREPROCESSOR_DEFINITIONS = (
					"DEBUG=1",
					"$(inherited)",
				);
				GCC_WARN_64_TO_32_BIT_CONVERSION = YES;
				GCC_WARN_ABOUT_RETURN_TYPE = YES_ERROR;
				GCC_WARN_UNDECLARED_SELECTOR = YES;
				GCC_WARN_UNINITIALIZED_AUTOS = YES_AGGRESSIVE;
				GCC_WARN_UNUSED_FUNCTION = YES;
				GCC_WARN_UNUSED_VARIABLE = YES;
				IPHONEOS_DEPLOYMENT_TARGET = 18.2;
				LOCALIZATION_PREFERS_STRING_CATALOGS = YES;
				MTL_ENABLE_DEBUG_INFO = INCLUDE_SOURCE;
				MTL_FAST_MATH = YES;
				ONLY_ACTIVE_ARCH = YES;
				SDKROOT = iphoneos;
				SWIFT_ACTIVE_COMPILATION_CONDITIONS = "DEBUG $(inherited)";
				SWIFT_OPTIMIZATION_LEVEL = "-Onone";
			};
			name = Debug;
		};
		E9DD75CB2DAA027B0069C660 /* Release */ = {
			isa = XCBuildConfiguration;
			buildSettings = {
				ALWAYS_SEARCH_USER_PATHS = NO;
				ASSETCATALOG_COMPILER_GENERATE_SWIFT_ASSET_SYMBOL_EXTENSIONS = YES;
				CLANG_ANALYZER_NONNULL = YES;
				CLANG_ANALYZER_NUMBER_OBJECT_CONVERSION = YES_AGGRESSIVE;
				CLANG_CXX_LANGUAGE_STANDARD = "gnu++20";
				CLANG_ENABLE_MODULES = YES;
				CLANG_ENABLE_OBJC_ARC = YES;
				CLANG_ENABLE_OBJC_WEAK = YES;
				CLANG_WARN_BLOCK_CAPTURE_AUTORELEASING = YES;
				CLANG_WARN_BOOL_CONVERSION = YES;
				CLANG_WARN_COMMA = YES;
				CLANG_WARN_CONSTANT_CONVERSION = YES;
				CLANG_WARN_DEPRECATED_OBJC_IMPLEMENTATIONS = YES;
				CLANG_WARN_DIRECT_OBJC_ISA_USAGE = YES_ERROR;
				CLANG_WARN_DOCUMENTATION_COMMENTS = YES;
				CLANG_WARN_EMPTY_BODY = YES;
				CLANG_WARN_ENUM_CONVERSION = YES;
				CLANG_WARN_INFINITE_RECURSION = YES;
				CLANG_WARN_INT_CONVERSION = YES;
				CLANG_WARN_NON_LITERAL_NULL_CONVERSION = YES;
				CLANG_WARN_OBJC_IMPLICIT_RETAIN_SELF = YES;
				CLANG_WARN_OBJC_LITERAL_CONVERSION = YES;
				CLANG_WARN_OBJC_ROOT_CLASS = YES_ERROR;
				CLANG_WARN_QUOTED_INCLUDE_IN_FRAMEWORK_HEADER = YES;
				CLANG_WARN_RANGE_LOOP_ANALYSIS = YES;
				CLANG_WARN_STRICT_PROTOTYPES = YES;
				CLANG_WARN_SUSPICIOUS_MOVE = YES;
				CLANG_WARN_UNGUARDED_AVAILABILITY = YES_AGGRESSIVE;
				CLANG_WARN_UNREACHABLE_CODE = YES;
				CLANG_WARN__DUPLICATE_METHOD_MATCH = YES;
				COPY_PHASE_STRIP = NO;
				DEBUG_INFORMATION_FORMAT = "dwarf-with-dsym";
				ENABLE_NS_ASSERTIONS = NO;
				ENABLE_STRICT_OBJC_MSGSEND = YES;
				ENABLE_USER_SCRIPT_SANDBOXING = YES;
				GCC_C_LANGUAGE_STANDARD = gnu17;
				GCC_NO_COMMON_BLOCKS = YES;
				GCC_WARN_64_TO_32_BIT_CONVERSION = YES;
				GCC_WARN_ABOUT_RETURN_TYPE = YES_ERROR;
				GCC_WARN_UNDECLARED_SELECTOR = YES;
				GCC_WARN_UNINITIALIZED_AUTOS = YES_AGGRESSIVE;
				GCC_WARN_UNUSED_FUNCTION = YES;
				GCC_WARN_UNUSED_VARIABLE = YES;
				IPHONEOS_DEPLOYMENT_TARGET = 18.2;
				LOCALIZATION_PREFERS_STRING_CATALOGS = YES;
				MTL_ENABLE_DEBUG_INFO = NO;
				MTL_FAST_MATH = YES;
				SDKROOT = iphoneos;
				SWIFT_COMPILATION_MODE = wholemodule;
				VALIDATE_PRODUCT = YES;
			};
			name = Release;
		};
		E9DD75CD2DAA027B0069C660 /* Debug */ = {
			isa = XCBuildConfiguration;
			buildSettings = {
				ASSETCATALOG_COMPILER_APPICON_NAME = AppIcon;
				ASSETCATALOG_COMPILER_GLOBAL_ACCENT_COLOR_NAME = AccentColor;
				CODE_SIGN_STYLE = Automatic;
				CURRENT_PROJECT_VERSION = 1;
				DEVELOPMENT_ASSET_PATHS = "\"IosLibraryExample/Preview Content\"";
				DEVELOPMENT_TEAM = C9KYBZ33LV;
				ENABLE_PREVIEWS = YES;
				GENERATE_INFOPLIST_FILE = YES;
				INFOPLIST_KEY_UIApplicationSceneManifest_Generation = YES;
				INFOPLIST_KEY_UIApplicationSupportsIndirectInputEvents = YES;
				INFOPLIST_KEY_UILaunchScreen_Generation = YES;
				INFOPLIST_KEY_UISupportedInterfaceOrientations_iPad = "UIInterfaceOrientationPortrait UIInterfaceOrientationPortraitUpsideDown UIInterfaceOrientationLandscapeLeft UIInterfaceOrientationLandscapeRight";
				INFOPLIST_KEY_UISupportedInterfaceOrientations_iPhone = "UIInterfaceOrientationPortrait UIInterfaceOrientationLandscapeLeft UIInterfaceOrientationLandscapeRight";
				IPHONEOS_DEPLOYMENT_TARGET = 17.5;
				LD_RUNPATH_SEARCH_PATHS = (
					"$(inherited)",
					"@executable_path/Frameworks",
				);
				MARKETING_VERSION = 1.0;
				PRODUCT_BUNDLE_IDENTIFIER = ios.library.example.IosLibraryExample;
				PRODUCT_NAME = "$(TARGET_NAME)";
				SWIFT_EMIT_LOC_STRINGS = YES;
				SWIFT_VERSION = 5.0;
				TARGETED_DEVICE_FAMILY = "1,2";
			};
			name = Debug;
		};
		E9DD75CE2DAA027B0069C660 /* Release */ = {
			isa = XCBuildConfiguration;
			buildSettings = {
				ASSETCATALOG_COMPILER_APPICON_NAME = AppIcon;
				ASSETCATALOG_COMPILER_GLOBAL_ACCENT_COLOR_NAME = AccentColor;
				CODE_SIGN_STYLE = Automatic;
				CURRENT_PROJECT_VERSION = 1;
				DEVELOPMENT_ASSET_PATHS = "\"IosLibraryExample/Preview Content\"";
				DEVELOPMENT_TEAM = C9KYBZ33LV;
				ENABLE_PREVIEWS = YES;
				GENERATE_INFOPLIST_FILE = YES;
				INFOPLIST_KEY_UIApplicationSceneManifest_Generation = YES;
				INFOPLIST_KEY_UIApplicationSupportsIndirectInputEvents = YES;
				INFOPLIST_KEY_UILaunchScreen_Generation = YES;
				INFOPLIST_KEY_UISupportedInterfaceOrientations_iPad = "UIInterfaceOrientationPortrait UIInterfaceOrientationPortraitUpsideDown UIInterfaceOrientationLandscapeLeft UIInterfaceOrientationLandscapeRight";
				INFOPLIST_KEY_UISupportedInterfaceOrientations_iPhone = "UIInterfaceOrientationPortrait UIInterfaceOrientationLandscapeLeft UIInterfaceOrientationLandscapeRight";
				IPHONEOS_DEPLOYMENT_TARGET = 17.5;
				LD_RUNPATH_SEARCH_PATHS = (
					"$(inherited)",
					"@executable_path/Frameworks",
				);
				MARKETING_VERSION = 1.0;
				PRODUCT_BUNDLE_IDENTIFIER = ios.library.example.IosLibraryExample;
				PRODUCT_NAME = "$(TARGET_NAME)";
				SWIFT_EMIT_LOC_STRINGS = YES;
				SWIFT_VERSION = 5.0;
				TARGETED_DEVICE_FAMILY = "1,2";
			};
			name = Release;
		};
		E9DD75D02DAA027B0069C660 /* Debug */ = {
			isa = XCBuildConfiguration;
			buildSettings = {
				BUNDLE_LOADER = "$(TEST_HOST)";
				CODE_SIGN_STYLE = Automatic;
				CURRENT_PROJECT_VERSION = 1;
				DEVELOPMENT_TEAM = C9KYBZ33LV;
				GENERATE_INFOPLIST_FILE = YES;
				IPHONEOS_DEPLOYMENT_TARGET = 18.2;
				MARKETING_VERSION = 1.0;
				PRODUCT_BUNDLE_IDENTIFIER = ios.library.example.IosLibraryExampleTests;
				PRODUCT_NAME = "$(TARGET_NAME)";
				SWIFT_EMIT_LOC_STRINGS = NO;
				SWIFT_VERSION = 5.0;
				TARGETED_DEVICE_FAMILY = "1,2";
				TEST_HOST = "$(BUILT_PRODUCTS_DIR)/IosLibraryExample.app/$(BUNDLE_EXECUTABLE_FOLDER_PATH)/IosLibraryExample";
			};
			name = Debug;
		};
		E9DD75D12DAA027B0069C660 /* Release */ = {
			isa = XCBuildConfiguration;
			buildSettings = {
				BUNDLE_LOADER = "$(TEST_HOST)";
				CODE_SIGN_STYLE = Automatic;
				CURRENT_PROJECT_VERSION = 1;
				DEVELOPMENT_TEAM = C9KYBZ33LV;
				GENERATE_INFOPLIST_FILE = YES;
				IPHONEOS_DEPLOYMENT_TARGET = 18.2;
				MARKETING_VERSION = 1.0;
				PRODUCT_BUNDLE_IDENTIFIER = ios.library.example.IosLibraryExampleTests;
				PRODUCT_NAME = "$(TARGET_NAME)";
				SWIFT_EMIT_LOC_STRINGS = NO;
				SWIFT_VERSION = 5.0;
				TARGETED_DEVICE_FAMILY = "1,2";
				TEST_HOST = "$(BUILT_PRODUCTS_DIR)/IosLibraryExample.app/$(BUNDLE_EXECUTABLE_FOLDER_PATH)/IosLibraryExample";
			};
			name = Release;
		};
		E9DD75D32DAA027B0069C660 /* Debug */ = {
			isa = XCBuildConfiguration;
			buildSettings = {
				CODE_SIGN_STYLE = Automatic;
				CURRENT_PROJECT_VERSION = 1;
				DEVELOPMENT_TEAM = C9KYBZ33LV;
				GENERATE_INFOPLIST_FILE = YES;
				MARKETING_VERSION = 1.0;
				PRODUCT_BUNDLE_IDENTIFIER = ios.library.example.IosLibraryExampleUITests;
				PRODUCT_NAME = "$(TARGET_NAME)";
				SWIFT_EMIT_LOC_STRINGS = NO;
				SWIFT_VERSION = 5.0;
				TARGETED_DEVICE_FAMILY = "1,2";
				TEST_TARGET_NAME = IosLibraryExample;
			};
			name = Debug;
		};
		E9DD75D42DAA027B0069C660 /* Release */ = {
			isa = XCBuildConfiguration;
			buildSettings = {
				CODE_SIGN_STYLE = Automatic;
				CURRENT_PROJECT_VERSION = 1;
				DEVELOPMENT_TEAM = C9KYBZ33LV;
				GENERATE_INFOPLIST_FILE = YES;
				MARKETING_VERSION = 1.0;
				PRODUCT_BUNDLE_IDENTIFIER = ios.library.example.IosLibraryExampleUITests;
				PRODUCT_NAME = "$(TARGET_NAME)";
				SWIFT_EMIT_LOC_STRINGS = NO;
				SWIFT_VERSION = 5.0;
				TARGETED_DEVICE_FAMILY = "1,2";
				TEST_TARGET_NAME = IosLibraryExample;
			};
			name = Release;
		};
/* End XCBuildConfiguration section */

/* Begin XCConfigurationList section */
		E9DD75A32DAA02790069C660 /* Build configuration list for PBXProject "IosLibraryExample" */ = {
			isa = XCConfigurationList;
			buildConfigurations = (
				E9DD75CA2DAA027B0069C660 /* Debug */,
				E9DD75CB2DAA027B0069C660 /* Release */,
			);
			defaultConfigurationIsVisible = 0;
			defaultConfigurationName = Release;
		};
		E9DD75CC2DAA027B0069C660 /* Build configuration list for PBXNativeTarget "IosLibraryExample" */ = {
			isa = XCConfigurationList;
			buildConfigurations = (
				E9DD75CD2DAA027B0069C660 /* Debug */,
				E9DD75CE2DAA027B0069C660 /* Release */,
			);
			defaultConfigurationIsVisible = 0;
			defaultConfigurationName = Release;
		};
		E9DD75CF2DAA027B0069C660 /* Build configuration list for PBXNativeTarget "IosLibraryExampleTests" */ = {
			isa = XCConfigurationList;
			buildConfigurations = (
				E9DD75D02DAA027B0069C660 /* Debug */,
				E9DD75D12DAA027B0069C660 /* Release */,
			);
			defaultConfigurationIsVisible = 0;
			defaultConfigurationName = Release;
		};
		E9DD75D22DAA027B0069C660 /* Build configuration list for PBXNativeTarget "IosLibraryExampleUITests" */ = {
			isa = XCConfigurationList;
			buildConfigurations = (
				E9DD75D32DAA027B0069C660 /* Debug */,
				E9DD75D42DAA027B0069C660 /* Release */,
			);
			defaultConfigurationIsVisible = 0;
			defaultConfigurationName = Release;
		};
/* End XCConfigurationList section */
	};
	rootObject = E9DD75A02DAA02790069C660 /* Project object */;
}
