<?xml version="1.0" encoding="utf-8"?>
<Project ToolsVersion="4.0" xmlns="http://schemas.microsoft.com/developer/msbuild/2003">
  <ItemGroup>
    <Filter Include="src">
      <UniqueIdentifier>{7998A632-DD09-590F-A44D-366B5BB86CA1}</UniqueIdentifier>
    </Filter>
    <Filter Include="include">
      <UniqueIdentifier>{2F5A6B71-9C3D-4E82-A0F4-7D1B8E5C2A36}</UniqueIdentifier>
    </Filter>
    <Filter Include="include\NativeToolkit">
      <UniqueIdentifier>{8C4E2D19-5B7A-46F3-9E10-C2A7F5D30B48}</UniqueIdentifier>
    </Filter>
    <Filter Include="src\Bridge">
      <UniqueIdentifier>{D6C9E309-56CD-421E-8DF5-4C6FAE6FF6E9}</UniqueIdentifier>
    </Filter>
    <Filter Include="src\Clipboard">
      <UniqueIdentifier>{C941C8DF-A358-50EB-9A50-6E384BE786B0}</UniqueIdentifier>
    </Filter>
    <Filter Include="src\Clipboard\Application">
      <UniqueIdentifier>{F3513D9C-F907-5CC6-A349-9C892E1887D4}</UniqueIdentifier>
    </Filter>
    <Filter Include="src\Clipboard\Data">
      <UniqueIdentifier>{9DEB6B1C-88C7-50AE-98CE-1DD96DC0967A}</UniqueIdentifier>
    </Filter>
    <Filter Include="src\Clipboard\Domain">
      <UniqueIdentifier>{FEFE5374-58DB-520A-A654-F3FC0E81F731}</UniqueIdentifier>
    </Filter>
    <Filter Include="src\Common">
      <UniqueIdentifier>{E534CE9E-6654-597C-965D-9707E3091F58}</UniqueIdentifier>
    </Filter>
    <Filter Include="src\Dialog">
      <UniqueIdentifier>{1EF9C047-0D95-5B00-B7AD-E0E0DED6D3A1}</UniqueIdentifier>
    </Filter>
    <Filter Include="src\Dialog\Data">
      <UniqueIdentifier>{A4F21C87-63D5-4E09-B8A1-5F7C2E940D63}</UniqueIdentifier>
    </Filter>
    <Filter Include="src\Dialog\Domain">
      <UniqueIdentifier>{E71B9D30-2C48-4A5F-9B6E-0D83F14C7A29}</UniqueIdentifier>
    </Filter>
    <Filter Include="src\Notification">
      <UniqueIdentifier>{DA14CF5E-88A2-5D87-B6BE-B272D36AD152}</UniqueIdentifier>
    </Filter>
    <Filter Include="src\Notification\Application">
      <UniqueIdentifier>{9644ACA9-3B57-55BD-862C-26083749480F}</UniqueIdentifier>
    </Filter>
    <Filter Include="src\Notification\Data">
      <UniqueIdentifier>{144B776F-3F6F-5942-B654-16DCC9A76C10}</UniqueIdentifier>
    </Filter>
    <Filter Include="Resource Files">
      <UniqueIdentifier>{67DA6AB6-F800-4c08-8B7A-83BB121AAD01}</UniqueIdentifier>
      <Extensions>rc;ico;cur;bmp;dlg;rc2;rct;bin;rgs;gif;jpg;jpeg;jpe;resx;tiff;tif;png;wav</Extensions>
    </Filter>
  </ItemGroup>
  <ItemGroup>
    <ClCompile Include="pch.cpp" />
    <ClCompile Include="src\Clipboard\Application\WindowsClipboardHistoryCoordinator.cpp">
      <Filter>src\Clipboard\Application</Filter>
    </ClCompile>
    <ClCompile Include="src\Clipboard\Application\WindowsClipboardLifecycle.cpp">
      <Filter>src\Clipboard\Application</Filter>
    </ClCompile>
    <ClCompile Include="src\Clipboard\Data\WindowsClipboardCore.cpp">
      <Filter>src\Clipboard\Data</Filter>
    </ClCompile>
    <ClCompile Include="src\Clipboard\Data\WindowsClipboardDeferredProvider.cpp">
      <Filter>src\Clipboard\Data</Filter>
    </ClCompile>
    <ClCompile Include="src\Clipboard\Data\WindowsClipboardHistoryWinRt.cpp">
      <Filter>src\Clipboard\Data</Filter>
    </ClCompile>
    <ClCompile Include="src\Clipboard\Data\WindowsClipboardWindow.cpp">
      <Filter>src\Clipboard\Data</Filter>
    </ClCompile>
    <ClCompile Include="src\Clipboard\Domain\WindowsClipboardFormats.cpp">
      <Filter>src\Clipboard\Domain</Filter>
    </ClCompile>
    <ClCompile Include="src\Clipboard\WindowsClipboardManager.cpp">
      <Filter>src\Clipboard</Filter>
    </ClCompile>
    <ClCompile Include="src\Common\common.cpp">
      <Filter>src\Common</Filter>
    </ClCompile>
    <ClCompile Include="src\Dialog\WindowsDialogApi.cpp">
      <Filter>src\Dialog</Filter>
    </ClCompile>
    <ClCompile Include="src\Bridge\AppSdkBootstrapBridge.cpp">
      <Filter>src\Bridge</Filter>
    </ClCompile>
    <ClCompile Include="src\Bridge\ClipboardBridge.cpp">
      <Filter>src\Bridge</Filter>
    </ClCompile>
    <ClCompile Include="src\Bridge\DialogBridge.cpp">
      <Filter>src\Bridge</Filter>
    </ClCompile>
    <ClCompile Include="src\Bridge\NotificationBridge.cpp">
      <Filter>src\Bridge</Filter>
    </ClCompile>
    <ClCompile Include="src\Notification\Data\WindowsAppSdkBootstrap.cpp">
      <Filter>src\Notification\Data</Filter>
    </ClCompile>
    <ClCompile Include="src\Notification\Data\WindowsClassicActivator.cpp">
      <Filter>src\Notification\Data</Filter>
    </ClCompile>
    <ClCompile Include="src\Notification\WindowsNotificationManager.cpp">
      <Filter>src\Notification</Filter>
    </ClCompile>
  </ItemGroup>
  <ItemGroup>
    <ClInclude Include="pch.h" />
    <ClInclude Include="targetver.h" />
    <ClInclude Include="src\Clipboard\Application\WindowsClipboardHistoryBackend.h">
      <Filter>src\Clipboard\Application</Filter>
    </ClInclude>
    <ClInclude Include="src\Clipboard\Application\WindowsClipboardHistoryCoordinator.h">
      <Filter>src\Clipboard\Application</Filter>
    </ClInclude>
    <ClInclude Include="src\Clipboard\Application\WindowsClipboardLifecycle.h">
      <Filter>src\Clipboard\Application</Filter>
    </ClInclude>
    <ClInclude Include="src\Clipboard\Data\WindowsClipboardCore.h">
      <Filter>src\Clipboard\Data</Filter>
    </ClInclude>
    <ClInclude Include="src\Clipboard\Data\WindowsClipboardDeferredProvider.h">
      <Filter>src\Clipboard\Data</Filter>
    </ClInclude>
    <ClInclude Include="src\Clipboard\Data\WindowsClipboardHistoryWinRt.h">
      <Filter>src\Clipboard\Data</Filter>
    </ClInclude>
    <ClInclude Include="src\Clipboard\Data\WindowsClipboardWindow.h">
      <Filter>src\Clipboard\Data</Filter>
    </ClInclude>
    <ClInclude Include="src\Clipboard\Domain\WindowsClipboardFormats.h">
      <Filter>src\Clipboard\Domain</Filter>
    </ClInclude>
    <ClInclude Include="src\Clipboard\WindowsClipboardManager.h">
      <Filter>src\Clipboard</Filter>
    </ClInclude>
    <ClInclude Include="src\Clipboard\WindowsClipboardManagerInternal.h">
      <Filter>src\Clipboard</Filter>
    </ClInclude>
    <ClInclude Include="include\NativeToolkit\BuildStamp.h">
      <Filter>include\NativeToolkit</Filter>
    </ClInclude>
    <ClInclude Include="include\NativeToolkit\Dialog.h">
      <Filter>include\NativeToolkit</Filter>
    </ClInclude>
    <ClInclude Include="include\NativeToolkit\Error.h">
      <Filter>include\NativeToolkit</Filter>
    </ClInclude>
    <ClInclude Include="include\NativeToolkit\Types.h">
      <Filter>include\NativeToolkit</Filter>
    </ClInclude>
    <ClInclude Include="src\Common\common.h">
      <Filter>src\Common</Filter>
    </ClInclude>
    <ClInclude Include="src\Common\CommonInternal.h">
      <Filter>src\Common</Filter>
    </ClInclude>
    <ClInclude Include="src\Dialog\WindowsDialogManager.h">
      <Filter>src\Dialog</Filter>
    </ClInclude>
    <ClInclude Include="src\Dialog\Data\WindowsDialogWin32.h">
      <Filter>src\Dialog\Data</Filter>
    </ClInclude>
    <ClInclude Include="src\Dialog\Domain\WindowsDialogError.h">
      <Filter>src\Dialog\Domain</Filter>
    </ClInclude>
    <ClInclude Include="src\Dialog\Domain\WindowsDialogMapping.h">
      <Filter>src\Dialog\Domain</Filter>
    </ClInclude>
    <ClInclude Include="src\Notification\Application\WindowsNotificationBackend.h">
      <Filter>src\Notification\Application</Filter>
    </ClInclude>
    <ClInclude Include="src\Notification\Data\WindowsClassicActivator.h">
      <Filter>src\Notification\Data</Filter>
    </ClInclude>
    <ClInclude Include="src\Notification\WindowsNotificationManager.h">
      <Filter>src\Notification</Filter>
    </ClInclude>
    <ClInclude Include="src\Notification\WindowsNotificationManagerInternal.h">
      <Filter>src\Notification</Filter>
    </ClInclude>
  </ItemGroup>
  <ItemGroup>
    <None Include="WindowsLibrary.def" />
    <None Include="packages.config" />
  </ItemGroup>
  <ItemGroup>
    <ResourceCompile Include="WindowsLibrary.rc">
      <Filter>Resource Files</Filter>
    </ResourceCompile>
  </ItemGroup>
</Project>
