
Microsoft Visual Studio Solution File, Format Version 12.00
# Visual Studio Version 17
VisualStudioVersion = 17.14.36109.1 d17.14
MinimumVisualStudioVersion = 10.0.40219.1
Project("{8BC9CEB8-8B4A-11D0-8D11-00A0C91BC942}") = "WindowsLibrary", "WindowsLibrary.vcxproj", "{6B1D8E42-2A77-4C35-9F0E-3C8E5A17B904}"
EndProject
Project("{8BC9CEB8-8B4A-11D0-8D11-00A0C91BC942}") = "WindowsLibraryCApi", "..\WindowsLibraryCApi\WindowsLibraryCApi.vcxproj", "{3F6A1C2B-8D4E-4B7A-9E21-5C0D7A6B9F13}"
EndProject
Project("{8BC9CEB8-8B4A-11D0-8D11-00A0C91BC942}") = "WindowsLibraryCApiTest", "..\WindowsLibraryCApiTest\WindowsLibraryCApiTest.vcxproj", "{F8AD3D0C-92D6-41B9-8F9A-1FF4BAABD217}"
EndProject
Project("{8BC9CEB8-8B4A-11D0-8D11-00A0C91BC942}") = "WindowsLibraryCApiSmoke", "..\WindowsLibraryCApiSmoke\WindowsLibraryCApiSmoke.vcxproj", "{6819EEE5-63EB-42F4-B4AD-FF4964852D50}"
EndProject
Project("{8BC9CEB8-8B4A-11D0-8D11-00A0C91BC942}") = "WindowsLibraryCApiSmokeCpp", "..\WindowsLibraryCApiSmoke\WindowsLibraryCApiSmokeCpp.vcxproj", "{37B99FF4-2D94-4B94-860E-7B844D642CEF}"
EndProject
Project("{8BC9CEB8-8B4A-11D0-8D11-00A0C91BC942}") = "WindowsLibraryTest", "..\WindowsLibraryTest\WindowsLibraryTest.vcxproj", "{B1C2D3E4-F5A6-7890-BCDE-F12345678901}"
EndProject
Global
	GlobalSection(SolutionConfigurationPlatforms) = preSolution
		Debug|x64 = Debug|x64
		Debug|x86 = Debug|x86
		Release|x64 = Release|x64
		Release|x86 = Release|x86
	EndGlobalSection
	GlobalSection(ProjectConfigurationPlatforms) = postSolution
		{3F6A1C2B-8D4E-4B7A-9E21-5C0D7A6B9F13}.Debug|x64.ActiveCfg = Debug|x64
		{3F6A1C2B-8D4E-4B7A-9E21-5C0D7A6B9F13}.Debug|x64.Build.0 = Debug|x64
		{3F6A1C2B-8D4E-4B7A-9E21-5C0D7A6B9F13}.Debug|x86.ActiveCfg = Debug|x64
		{3F6A1C2B-8D4E-4B7A-9E21-5C0D7A6B9F13}.Release|x64.ActiveCfg = Release|x64
		{3F6A1C2B-8D4E-4B7A-9E21-5C0D7A6B9F13}.Release|x64.Build.0 = Release|x64
		{3F6A1C2B-8D4E-4B7A-9E21-5C0D7A6B9F13}.Release|x86.ActiveCfg = Release|x64
		{6B1D8E42-2A77-4C35-9F0E-3C8E5A17B904}.Debug|x64.ActiveCfg = Debug|x64
		{6B1D8E42-2A77-4C35-9F0E-3C8E5A17B904}.Debug|x64.Build.0 = Debug|x64
		{6B1D8E42-2A77-4C35-9F0E-3C8E5A17B904}.Debug|x86.ActiveCfg = Debug|Win32
		{6B1D8E42-2A77-4C35-9F0E-3C8E5A17B904}.Debug|x86.Build.0 = Debug|Win32
		{6B1D8E42-2A77-4C35-9F0E-3C8E5A17B904}.Release|x64.ActiveCfg = Release|x64
		{6B1D8E42-2A77-4C35-9F0E-3C8E5A17B904}.Release|x64.Build.0 = Release|x64
		{6B1D8E42-2A77-4C35-9F0E-3C8E5A17B904}.Release|x86.ActiveCfg = Release|Win32
		{6B1D8E42-2A77-4C35-9F0E-3C8E5A17B904}.Release|x86.Build.0 = Release|Win32
		{B1C2D3E4-F5A6-7890-BCDE-F12345678901}.Debug|x64.ActiveCfg = Debug|x64
		{B1C2D3E4-F5A6-7890-BCDE-F12345678901}.Debug|x64.Build.0 = Debug|x64
		{B1C2D3E4-F5A6-7890-BCDE-F12345678901}.Debug|x86.ActiveCfg = Debug|x64
		{B1C2D3E4-F5A6-7890-BCDE-F12345678901}.Release|x64.ActiveCfg = Release|x64
		{B1C2D3E4-F5A6-7890-BCDE-F12345678901}.Release|x64.Build.0 = Release|x64
		{B1C2D3E4-F5A6-7890-BCDE-F12345678901}.Release|x86.ActiveCfg = Release|x64
		{F8AD3D0C-92D6-41B9-8F9A-1FF4BAABD217}.Debug|x64.ActiveCfg = Debug|x64
		{F8AD3D0C-92D6-41B9-8F9A-1FF4BAABD217}.Debug|x64.Build.0 = Debug|x64
		{F8AD3D0C-92D6-41B9-8F9A-1FF4BAABD217}.Debug|x86.ActiveCfg = Debug|x64
		{F8AD3D0C-92D6-41B9-8F9A-1FF4BAABD217}.Release|x64.ActiveCfg = Release|x64
		{F8AD3D0C-92D6-41B9-8F9A-1FF4BAABD217}.Release|x64.Build.0 = Release|x64
		{F8AD3D0C-92D6-41B9-8F9A-1FF4BAABD217}.Release|x86.ActiveCfg = Release|x64
		{6819EEE5-63EB-42F4-B4AD-FF4964852D50}.Debug|x64.ActiveCfg = Debug|x64
		{6819EEE5-63EB-42F4-B4AD-FF4964852D50}.Debug|x64.Build.0 = Debug|x64
		{6819EEE5-63EB-42F4-B4AD-FF4964852D50}.Debug|x86.ActiveCfg = Debug|x64
		{6819EEE5-63EB-42F4-B4AD-FF4964852D50}.Release|x64.ActiveCfg = Release|x64
		{6819EEE5-63EB-42F4-B4AD-FF4964852D50}.Release|x64.Build.0 = Release|x64
		{6819EEE5-63EB-42F4-B4AD-FF4964852D50}.Release|x86.ActiveCfg = Release|x64
		{37B99FF4-2D94-4B94-860E-7B844D642CEF}.Debug|x64.ActiveCfg = Debug|x64
		{37B99FF4-2D94-4B94-860E-7B844D642CEF}.Debug|x64.Build.0 = Debug|x64
		{37B99FF4-2D94-4B94-860E-7B844D642CEF}.Debug|x86.ActiveCfg = Debug|x64
		{37B99FF4-2D94-4B94-860E-7B844D642CEF}.Release|x64.ActiveCfg = Release|x64
		{37B99FF4-2D94-4B94-860E-7B844D642CEF}.Release|x64.Build.0 = Release|x64
		{37B99FF4-2D94-4B94-860E-7B844D642CEF}.Release|x86.ActiveCfg = Release|x64
	EndGlobalSection
	GlobalSection(SolutionProperties) = preSolution
		HideSolutionNode = FALSE
	EndGlobalSection
	GlobalSection(ExtensibilityGlobals) = postSolution
		SolutionGuid = {69E862CB-434F-4CF3-BDAA-07274C733D3F}
	EndGlobalSection
EndGlobal
