<?xml version="1.0" encoding="utf-8"?>
<Project ToolsVersion="4.0" xmlns="http://schemas.microsoft.com/developer/msbuild/2003">
  <ItemGroup>
    <Filter Include="Notification">
      <UniqueIdentifier>{A1B2C3D4-E5F6-4A7B-8C9D-1E2F3A4B5C6D}</UniqueIdentifier>
    </Filter>
    <Filter Include="Dialog">
      <UniqueIdentifier>{B2C3D4E5-F6A7-4B8C-9D0E-2F3A4B5C6D7E}</UniqueIdentifier>
    </Filter>
    <Filter Include="Bootstrap">
      <UniqueIdentifier>{C3D4E5F6-A7B8-4C9D-0E1F-3A4B5C6D7E8F}</UniqueIdentifier>
    </Filter>
    <Filter Include="Clipboard">
      <UniqueIdentifier>{D4E5F6A7-B8C9-4D0E-1F2A-4B5C6D7E8F90}</UniqueIdentifier>
    </Filter>
    <Filter Include="リソース ファイル">
      <UniqueIdentifier>{67DA6AB6-F800-4c08-8B7A-83BB121AAD01}</UniqueIdentifier>
      <Extensions>rc;ico;cur;bmp;dlg;rc2;rct;bin;rgs;gif;jpg;jpeg;jpe;resx;tiff;tif;png;wav;mfcribbon-ms</Extensions>
    </Filter>
  </ItemGroup>
  <ItemGroup>
    <ClCompile Include="WindowsLibrary.cpp" />
    <ClCompile Include="pch.cpp" />
    <ClCompile Include="common.cpp" />
    <ClCompile Include="WindowsDialogManager.cpp">
      <Filter>Dialog</Filter>
    </ClCompile>
    <ClCompile Include="WindowsNotificationManager.cpp">
      <Filter>Notification</Filter>
    </ClCompile>
    <ClCompile Include="WindowsClassicActivator.cpp">
      <Filter>Notification</Filter>
    </ClCompile>
    <ClCompile Include="WindowsAppSdkBootstrap.cpp">
      <Filter>Bootstrap</Filter>
    </ClCompile>
    <ClCompile Include="WindowsClipboardFormats.cpp">
      <Filter>Clipboard</Filter>
    </ClCompile>
    <ClCompile Include="WindowsClipboardCore.cpp">
      <Filter>Clipboard</Filter>
    </ClCompile>
    <ClCompile Include="WindowsClipboardDeferredProvider.cpp">
      <Filter>Clipboard</Filter>
    </ClCompile>
    <ClCompile Include="WindowsClipboardLifecycle.cpp">
      <Filter>Clipboard</Filter>
    </ClCompile>
    <ClCompile Include="WindowsClipboardHistoryCoordinator.cpp">
      <Filter>Clipboard</Filter>
    </ClCompile>
    <ClCompile Include="WindowsClipboardWindow.cpp">
      <Filter>Clipboard</Filter>
    </ClCompile>
    <ClCompile Include="WindowsClipboardManager.cpp">
      <Filter>Clipboard</Filter>
    </ClCompile>
    <ClCompile Include="WindowsClipboardHistoryWinRt.cpp">
      <Filter>Clipboard</Filter>
    </ClCompile>
  </ItemGroup>
  <ItemGroup>
    <None Include="WindowsLibrary.def" />
    <None Include="res\WindowsLibrary.rc2">
      <Filter>リソース ファイル</Filter>
    </None>
    <None Include="packages.config" />
  </ItemGroup>
  <ItemGroup>
    <ClInclude Include="framework.h" />
    <ClInclude Include="targetver.h" />
    <ClInclude Include="Resource.h" />
    <ClInclude Include="WindowsLibrary.h" />
    <ClInclude Include="pch.h" />
    <ClInclude Include="common.h" />
    <ClInclude Include="WindowsDialogManager.h">
      <Filter>Dialog</Filter>
    </ClInclude>
    <ClInclude Include="WindowsNotificationManager.h">
      <Filter>Notification</Filter>
    </ClInclude>
    <ClInclude Include="WindowsNotificationManagerInternal.h">
      <Filter>Notification</Filter>
    </ClInclude>
    <ClInclude Include="WindowsNotificationBackend.h">
      <Filter>Notification</Filter>
    </ClInclude>
    <ClInclude Include="WindowsClassicActivator.h">
      <Filter>Notification</Filter>
    </ClInclude>
    <ClInclude Include="WindowsClipboardManager.h">
      <Filter>Clipboard</Filter>
    </ClInclude>
    <ClInclude Include="WindowsClipboardManagerInternal.h">
      <Filter>Clipboard</Filter>
    </ClInclude>
    <ClInclude Include="WindowsClipboardCore.h">
      <Filter>Clipboard</Filter>
    </ClInclude>
    <ClInclude Include="WindowsClipboardDeferredProvider.h">
      <Filter>Clipboard</Filter>
    </ClInclude>
    <ClInclude Include="WindowsClipboardFormats.h">
      <Filter>Clipboard</Filter>
    </ClInclude>
    <ClInclude Include="WindowsClipboardLifecycle.h">
      <Filter>Clipboard</Filter>
    </ClInclude>
    <ClInclude Include="WindowsClipboardHistoryBackend.h">
      <Filter>Clipboard</Filter>
    </ClInclude>
    <ClInclude Include="WindowsClipboardHistoryCoordinator.h">
      <Filter>Clipboard</Filter>
    </ClInclude>
    <ClInclude Include="WindowsClipboardHistoryWinRt.h">
      <Filter>Clipboard</Filter>
    </ClInclude>
    <ClInclude Include="WindowsClipboardWindow.h">
      <Filter>Clipboard</Filter>
    </ClInclude>
  </ItemGroup>
  <ItemGroup>
    <ResourceCompile Include="WindowsLibrary.rc">
      <Filter>リソース ファイル</Filter>
    </ResourceCompile>
  </ItemGroup>
  <ItemGroup>
    <Midl Include="WindowsLibrary.idl" />
  </ItemGroup>
</Project>
