<?xml version="1.0" encoding="utf-8"?>
<Project ToolsVersion="4.0" xmlns="http://schemas.microsoft.com/developer/msbuild/2003">
  <ItemGroup>
    <Filter Include="C ABI Sources">
      <UniqueIdentifier>{0C6B1F52-7A3E-4D19-8B6A-2E5F9D0C4A71}</UniqueIdentifier>
    </Filter>
    <Filter Include="Clipboard">
      <UniqueIdentifier>{7C2E9A41-5B8D-4F36-9E1A-2D4B6F8C0A57}</UniqueIdentifier>
    </Filter>
    <Filter Include="Common">
      <UniqueIdentifier>{5A2E8C14-3F6B-4E07-9D21-7B4C0A6E1F38}</UniqueIdentifier>
    </Filter>
    <Filter Include="Dialog">
      <UniqueIdentifier>{9E4D7B26-1C5A-4F83-A06E-3D8B2F7C5E19}</UniqueIdentifier>
    </Filter>
    <Filter Include="Notification">
      <UniqueIdentifier>{3B7F1A94-6D2C-4E58-B1A7-8C0E5F2D9A63}</UniqueIdentifier>
    </Filter>
  </ItemGroup>
  <ItemGroup>
    <ClCompile Include="..\WindowsLibraryCApi\src\Clipboard\ClipboardCApi.cpp">
      <Filter>C ABI Sources</Filter>
    </ClCompile>
    <ClCompile Include="..\WindowsLibraryCApi\src\Clipboard\ClipboardConvert.cpp">
      <Filter>C ABI Sources</Filter>
    </ClCompile>
    <ClCompile Include="..\WindowsLibraryCApi\src\Common\CallbackGate.cpp">
      <Filter>C ABI Sources</Filter>
    </ClCompile>
    <ClCompile Include="..\WindowsLibraryCApi\src\Common\Handles.cpp">
      <Filter>C ABI Sources</Filter>
    </ClCompile>
    <ClCompile Include="..\WindowsLibraryCApi\src\Common\LastError.cpp">
      <Filter>C ABI Sources</Filter>
    </ClCompile>
    <ClCompile Include="..\WindowsLibraryCApi\src\Common\ReleaseGuard.cpp">
      <Filter>C ABI Sources</Filter>
    </ClCompile>
    <ClCompile Include="..\WindowsLibraryCApi\src\Common\Utf8.cpp">
      <Filter>C ABI Sources</Filter>
    </ClCompile>
    <ClCompile Include="..\WindowsLibraryCApi\src\Common\Version.cpp">
      <Filter>C ABI Sources</Filter>
    </ClCompile>
    <ClCompile Include="..\WindowsLibraryCApi\src\Dialog\DialogCApi.cpp">
      <Filter>C ABI Sources</Filter>
    </ClCompile>
    <ClCompile Include="..\WindowsLibraryCApi\src\Dialog\DialogConvert.cpp">
      <Filter>C ABI Sources</Filter>
    </ClCompile>
    <ClCompile Include="..\WindowsLibraryCApi\src\Notification\NotificationCApi.cpp">
      <Filter>C ABI Sources</Filter>
    </ClCompile>
    <ClCompile Include="..\WindowsLibraryCApi\src\Notification\NotificationContentCApi.cpp">
      <Filter>C ABI Sources</Filter>
    </ClCompile>
    <ClCompile Include="..\WindowsLibraryCApi\src\Notification\NotificationConvert.cpp">
      <Filter>C ABI Sources</Filter>
    </ClCompile>
    <ClCompile Include="..\WindowsLibraryCApi\src\Notification\NotificationRuntime.cpp">
      <Filter>C ABI Sources</Filter>
    </ClCompile>
    <ClCompile Include="Clipboard\CApiClipboardHeaderAsC.c">
      <Filter>Clipboard</Filter>
    </ClCompile>
    <ClCompile Include="Clipboard\CApiClipboardTest.cpp">
      <Filter>Clipboard</Filter>
    </ClCompile>
    <ClCompile Include="Common\CApiCommonTest.cpp">
      <Filter>Common</Filter>
    </ClCompile>
    <ClCompile Include="Common\CApiHeadersAsC.c">
      <Filter>Common</Filter>
    </ClCompile>
    <ClCompile Include="Common\CApiHeadersSelfContained.cpp">
      <Filter>Common</Filter>
    </ClCompile>
    <ClCompile Include="Common\CApiLayoutTest.cpp">
      <Filter>Common</Filter>
    </ClCompile>
    <ClCompile Include="Dialog\CApiDialogHeaderAsC.c">
      <Filter>Dialog</Filter>
    </ClCompile>
    <ClCompile Include="Dialog\CApiDialogTest.cpp">
      <Filter>Dialog</Filter>
    </ClCompile>
    <ClCompile Include="Notification\CApiNotificationHeaderAsC.c">
      <Filter>Notification</Filter>
    </ClCompile>
    <ClCompile Include="Notification\CApiNotificationContentTest.cpp">
      <Filter>Notification</Filter>
    </ClCompile>
    <ClCompile Include="Notification\CApiNotificationTest.cpp">
      <Filter>Notification</Filter>
    </ClCompile>
    <ClCompile Include="pch.cpp" />
  </ItemGroup>
  <ItemGroup>
    <ClInclude Include="Clipboard\CApiClipboardHarness.h">
      <Filter>Clipboard</Filter>
    </ClInclude>
    <ClInclude Include="pch.h" />
  </ItemGroup>
</Project>
